
Microsoft Visual Studio Solution File, Format Version 12.00
# Visual Studio 2013
VisualStudioVersion = 12.0.40629.0
MinimumVisualStudioVersion = 10.0.40219.1
Project("{8BC9CEB8-8B4A-11D0-8D11-00A0C91BC942}") = "lab1", "lab1\lab1.vcxproj", "{549D8105-9EF7-422A-8DCB-395777C75A0D}"
EndProject
Project("{8BC9CEB8-8B4A-11D0-8D11-00A0C91BC942}") = "lab2(Dynamic)", "lab2(Dynamic)\lab2(Dynamic).vcxproj", "{3218D3FE-0E2F-42A9-8D14-4EB08B19DB4C}"
EndProject
Project("{8BC9CEB8-8B4A-11D0-8D11-00A0C91BC942}") = "lab2(StaticLib)", "lab2(StaticLib)\lab2(StaticLib).vcxproj", "{2D60F7AC-B956-43F8-B97E-2FDF98414826}"
EndProject
Project("{8BC9CEB8-8B4A-11D0-8D11-00A0C91BC942}") = "lab2(Static)", "lab2(Static)\lab2(Static).vcxproj", "{AA70CB04-7D13-4B8E-94CC-560B026AD361}"
EndProject
Project("{8BC9CEB8-8B4A-11D0-8D11-00A0C91BC942}") = "lab2(DynamicLib)", "lab2(DynamicLib)\lab2(DynamicLib).vcxproj", "{26F2DC79-D691-430F-8230-091396CC1FC5}"
EndProject
Project("{8BC9CEB8-8B4A-11D0-8D11-00A0C91BC942}") = "lab3", "lab3\lab3.vcxproj", "{E5CF783A-7E7F-4F37-BE5C-59A9AE2A7FB3}"
EndProject
Project("{8BC9CEB8-8B4A-11D0-8D11-00A0C91BC942}") = "lab4", "lab4\lab4.vcxproj", "{E543E0F1-164A-4C89-9810-3B9F7E84C0FA}"
EndProject
Project("{8BC9CEB8-8B4A-11D0-8D11-00A0C91BC942}") = "lab5", "lab5\lab5.vcxproj", "{D54108B9-2A68-4212-9B9C-D6D191D76457}"
EndProject
Project("{8BC9CEB8-8B4A-11D0-8D11-00A0C91BC942}") = "lab6", "lab6\lab6.vcxproj", "{D74B44A2-9BC9-480E-8CA6-8A313BCCF777}"
EndProject
Project("{8BC9CEB8-8B4A-11D0-8D11-00A0C91BC942}") = "lab7", "lab7\lab7.vcxproj", "{D4765976-03BE-48D1-B8D2-61483D995A3B}"
EndProject
Project("{8BC9CEB8-8B4A-11D0-8D11-00A0C91BC942}") = "lab8", "lab8\lab8.vcxproj", "{E25BAEB8-CB31-43BF-BDF6-2DB71B4083EE}"
EndProject
Project("{8BC9CEB8-8B4A-11D0-8D11-00A0C91BC942}") = "lab9", "lab9\lab9.vcxproj", "{2A0C04F8-68A1-4B7C-A095-E8EC307722D9}"
EndProject
Project("{8BC9CEB8-8B4A-11D0-8D11-00A0C91BC942}") = "lab10", "lab10\lab10.vcxproj", "{1C300E43-3DF9-4357-8B02-32434A7E51B3}"
EndProject
Global
	GlobalSection(SolutionConfigurationPlatforms) = preSolution
		Debug|Win32 = Debug|Win32
		Debug|x64 = Debug|x64
		Release|Win32 = Release|Win32
		Release|x64 = Release|x64
	EndGlobalSection
	GlobalSection(ProjectConfigurationPlatforms) = postSolution
		{549D8105-9EF7-422A-8DCB-395777C75A0D}.Debug|Win32.ActiveCfg = Debug|Win32
		{549D8105-9EF7-422A-8DCB-395777C75A0D}.Debug|Win32.Build.0 = Debug|Win32
		{549D8105-9EF7-422A-8DCB-395777C75A0D}.Debug|x64.ActiveCfg = Debug|Win32
		{549D8105-9EF7-422A-8DCB-395777C75A0D}.Release|Win32.ActiveCfg = Release|Win32
		{549D8105-9EF7-422A-8DCB-395777C75A0D}.Release|Win32.Build.0 = Release|Win32
		{549D8105-9EF7-422A-8DCB-395777C75A0D}.Release|x64.ActiveCfg = Release|Win32
		{3218D3FE-0E2F-42A9-8D14-4EB08B19DB4C}.Debug|Win32.ActiveCfg = Debug|Win32
		{3218D3FE-0E2F-42A9-8D14-4EB08B19DB4C}.Debug|Win32.Build.0 = Debug|Win32
		{3218D3FE-0E2F-42A9-8D14-4EB08B19DB4C}.Debug|x64.ActiveCfg = Debug|Win32
		{3218D3FE-0E2F-42A9-8D14-4EB08B19DB4C}.Release|Win32.ActiveCfg = Release|Win32
		{3218D3FE-0E2F-42A9-8D14-4EB08B19DB4C}.Release|Win32.Build.0 = Release|Win32
		{3218D3FE-0E2F-42A9-8D14-4EB08B19DB4C}.Release|x64.ActiveCfg = Release|Win32
		{2D60F7AC-B956-43F8-B97E-2FDF98414826}.Debug|Win32.ActiveCfg = Debug|Win32
		{2D60F7AC-B956-43F8-B97E-2FDF98414826}.Debug|Win32.Build.0 = Debug|Win32
		{2D60F7AC-B956-43F8-B97E-2FDF98414826}.Debug|x64.ActiveCfg = Debug|Win32
		{2D60F7AC-B956-43F8-B97E-2FDF98414826}.Release|Win32.ActiveCfg = Release|Win32
		{2D60F7AC-B956-43F8-B97E-2FDF98414826}.Release|Win32.Build.0 = Release|Win32
		{2D60F7AC-B956-43F8-B97E-2FDF98414826}.Release|x64.ActiveCfg = Release|Win32
		{AA70CB04-7D13-4B8E-94CC-560B026AD361}.Debug|Win32.ActiveCfg = Debug|Win32
		{AA70CB04-7D13-4B8E-94CC-560B026AD361}.Debug|Win32.Build.0 = Debug|Win32
		{AA70CB04-7D13-4B8E-94CC-560B026AD361}.Debug|x64.ActiveCfg = Debug|Win32
		{AA70CB04-7D13-4B8E-94CC-560B026AD361}.Release|Win32.ActiveCfg = Release|Win32
		{AA70CB04-7D13-4B8E-94CC-560B026AD361}.Release|Win32.Build.0 = Release|Win32
		{AA70CB04-7D13-4B8E-94CC-560B026AD361}.Release|x64.ActiveCfg = Release|Win32
		{26F2DC79-D691-430F-8230-091396CC1FC5}.Debug|Win32.ActiveCfg = Debug|Win32
		{26F2DC79-D691-430F-8230-091396CC1FC5}.Debug|Win32.Build.0 = Debug|Win32
		{26F2DC79-D691-430F-8230-091396CC1FC5}.Debug|x64.ActiveCfg = Debug|Win32
		{26F2DC79-D691-430F-8230-091396CC1FC5}.Release|Win32.ActiveCfg = Release|Win32
		{26F2DC79-D691-430F-8230-091396CC1FC5}.Release|Win32.Build.0 = Release|Win32
		{26F2DC79-D691-430F-8230-091396CC1FC5}.Release|x64.ActiveCfg = Release|Win32
		{E5CF783A-7E7F-4F37-BE5C-59A9AE2A7FB3}.Debug|Win32.ActiveCfg = Debug|Win32
		{E5CF783A-7E7F-4F37-BE5C-59A9AE2A7FB3}.Debug|Win32.Build.0 = Debug|Win32
		{E5CF783A-7E7F-4F37-BE5C-59A9AE2A7FB3}.Debug|x64.ActiveCfg = Debug|x64
		{E5CF783A-7E7F-4F37-BE5C-59A9AE2A7FB3}.Debug|x64.Build.0 = Debug|x64
		{E5CF783A-7E7F-4F37-BE5C-59A9AE2A7FB3}.Release|Win32.ActiveCfg = Release|Win32
		{E5CF783A-7E7F-4F37-BE5C-59A9AE2A7FB3}.Release|Win32.Build.0 = Release|Win32
		{E5CF783A-7E7F-4F37-BE5C-59A9AE2A7FB3}.Release|x64.ActiveCfg = Release|x64
		{E5CF783A-7E7F-4F37-BE5C-59A9AE2A7FB3}.Release|x64.Build.0 = Release|x64
		{E543E0F1-164A-4C89-9810-3B9F7E84C0FA}.Debug|Win32.ActiveCfg = Debug|Win32
		{E543E0F1-164A-4C89-9810-3B9F7E84C0FA}.Debug|Win32.Build.0 = Debug|Win32
		{E543E0F1-164A-4C89-9810-3B9F7E84C0FA}.Debug|x64.ActiveCfg = Debug|x64
		{E543E0F1-164A-4C89-9810-3B9F7E84C0FA}.Debug|x64.Build.0 = Debug|x64
		{E543E0F1-164A-4C89-9810-3B9F7E84C0FA}.Release|Win32.ActiveCfg = Release|Win32
		{E543E0F1-164A-4C89-9810-3B9F7E84C0FA}.Release|Win32.Build.0 = Release|Win32
		{E543E0F1-164A-4C89-9810-3B9F7E84C0FA}.Release|x64.ActiveCfg = Release|x64
		{E543E0F1-164A-4C89-9810-3B9F7E84C0FA}.Release|x64.Build.0 = Release|x64
		{D54108B9-2A68-4212-9B9C-D6D191D76457}.Debug|Win32.ActiveCfg = Debug|Win32
		{D54108B9-2A68-4212-9B9C-D6D191D76457}.Debug|Win32.Build.0 = Debug|Win32
		{D54108B9-2A68-4212-9B9C-D6D191D76457}.Debug|x64.ActiveCfg = Debug|x64
		{D54108B9-2A68-4212-9B9C-D6D191D76457}.Debug|x64.Build.0 = Debug|x64
		{D54108B9-2A68-4212-9B9C-D6D191D76457}.Release|Win32.ActiveCfg = Release|Win32
		{D54108B9-2A68-4212-9B9C-D6D191D76457}.Release|Win32.Build.0 = Release|Win32
		{D54108B9-2A68-4212-9B9C-D6D191D76457}.Release|x64.ActiveCfg = Release|x64
		{D54108B9-2A68-4212-9B9C-D6D191D76457}.Release|x64.Build.0 = Release|x64
		{D74B44A2-9BC9-480E-8CA6-8A313BCCF777}.Debug|Win32.ActiveCfg = Debug|Win32
		{D74B44A2-9BC9-480E-8CA6-8A313BCCF777}.Debug|Win32.Build.0 = Debug|Win32
		{D74B44A2-9BC9-480E-8CA6-8A313BCCF777}.Debug|x64.ActiveCfg = Debug|x64
		{D74B44A2-9BC9-480E-8CA6-8A313BCCF777}.Debug|x64.Build.0 = Debug|x64
		{D74B44A2-9BC9-480E-8CA6-8A313BCCF777}.Release|Win32.ActiveCfg = Release|Win32
		{D74B44A2-9BC9-480E-8CA6-8A313BCCF777}.Release|Win32.Build.0 = Release|Win32
		{D74B44A2-9BC9-480E-8CA6-8A313BCCF777}.Release|x64.ActiveCfg = Release|x64
		{D74B44A2-9BC9-480E-8CA6-8A313BCCF777}.Release|x64.Build.0 = Release|x64
		{D4765976-03BE-48D1-B8D2-61483D995A3B}.Debug|Win32.ActiveCfg = Debug|Win32
		{D4765976-03BE-48D1-B8D2-61483D995A3B}.Debug|Win32.Build.0 = Debug|Win32
		{D4765976-03BE-48D1-B8D2-61483D995A3B}.Debug|x64.ActiveCfg = Debug|x64
		{D4765976-03BE-48D1-B8D2-61483D995A3B}.Debug|x64.Build.0 = Debug|x64
		{D4765976-03BE-48D1-B8D2-61483D995A3B}.Release|Win32.ActiveCfg = Release|Win32
		{D4765976-03BE-48D1-B8D2-61483D995A3B}.Release|Win32.Build.0 = Release|Win32
		{D4765976-03BE-48D1-B8D2-61483D995A3B}.Release|x64.ActiveCfg = Release|x64
		{D4765976-03BE-48D1-B8D2-61483D995A3B}.Release|x64.Build.0 = Release|x64
		{E25BAEB8-CB31-43BF-BDF6-2DB71B4083EE}.Debug|Win32.ActiveCfg = Debug|Win32
		{E25BAEB8-CB31-43BF-BDF6-2DB71B4083EE}.Debug|Win32.Build.0 = Debug|Win32
		{E25BAEB8-CB31-43BF-BDF6-2DB71B4083EE}.Debug|x64.ActiveCfg = Debug|x64
		{E25BAEB8-CB31-43BF-BDF6-2DB71B4083EE}.Debug|x64.Build.0 = Debug|x64
		{E25BAEB8-CB31-43BF-BDF6-2DB71B4083EE}.Release|Win32.ActiveCfg = Release|Win32
		{E25BAEB8-CB31-43BF-BDF6-2DB71B4083EE}.Release|Win32.Build.0 = Release|Win32
		{E25BAEB8-CB31-43BF-BDF6-2DB71B4083EE}.Release|x64.ActiveCfg = Release|x64
		{E25BAEB8-CB31-43BF-BDF6-2DB71B4083EE}.Release|x64.Build.0 = Release|x64
		{2A0C04F8-68A1-4B7C-A095-E8EC307722D9}.Debug|Win32.ActiveCfg = Debug|Win32
		{2A0C04F8-68A1-4B7C-A095-E8EC307722D9}.Debug|Win32.Build.0 = Debug|Win32
		{2A0C04F8-68A1-4B7C-A095-E8EC307722D9}.Debug|x64.ActiveCfg = Debug|x64
		{2A0C04F8-68A1-4B7C-A095-E8EC307722D9}.Debug|x64.Build.0 = Debug|x64
		{2A0C04F8-68A1-4B7C-A095-E8EC307722D9}.Release|Win32.ActiveCfg = Release|Win32
		{2A0C04F8-68A1-4B7C-A095-E8EC307722D9}.Release|Win32.Build.0 = Release|Win32
		{2A0C04F8-68A1-4B7C-A095-E8EC307722D9}.Release|x64.ActiveCfg = Release|x64
		{2A0C04F8-68A1-4B7C-A095-E8EC307722D9}.Release|x64.Build.0 = Release|x64
		{1C300E43-3DF9-4357-8B02-32434A7E51B3}.Debug|Win32.ActiveCfg = Debug|Win32
		{1C300E43-3DF9-4357-8B02-32434A7E51B3}.Debug|Win32.Build.0 = Debug|Win32
		{1C300E43-3DF9-4357-8B02-32434A7E51B3}.Debug|x64.ActiveCfg = Debug|x64
		{1C300E43-3DF9-4357-8B02-32434A7E51B3}.Debug|x64.Build.0 = Debug|x64
		{1C300E43-3DF9-4357-8B02-32434A7E51B3}.Release|Win32.ActiveCfg = Release|Win32
		{1C300E43-3DF9-4357-8B02-32434A7E51B3}.Release|Win32.Build.0 = Release|Win32
		{1C300E43-3DF9-4357-8B02-32434A7E51B3}.Release|x64.ActiveCfg = Release|x64
		{1C300E43-3DF9-4357-8B02-32434A7E51B3}.Release|x64.Build.0 = Release|x64
	EndGlobalSection
	GlobalSection(SolutionProperties) = preSolution
		HideSolutionNode = FALSE
	EndGlobalSection
EndGlobal
